
Microsoft Visual Studio Solution File, Format Version 12.00
# Visual Studio Version 16
VisualStudioVersion = 16.0.30611.23
MinimumVisualStudioVersion = 10.0.40219.1
Project("{FAE04EC0-301F-11D3-BF4B-00C04F79EFBC}") = "Calculator", "Calculator\Calculator.csproj", "{0ABFFCFD-7BB1-4059-BF37-AFB3358F5A8F}"
EndProject
Global
	GlobalSection(SolutionConfigurationPlatforms) = preSolution
		Debug|Any CPU = Debug|Any CPU
		Release|Any CPU = Release|Any CPU
	EndGlobalSection
	GlobalSection(ProjectConfigurationPlatforms) = postSolution
		{0ABFFCFD-7BB1-4059-BF37-AFB3358F5A8F}.Debug|Any CPU.ActiveCfg = Debug|Any CPU
		{0ABFFCFD-7BB1-4059-BF37-AFB3358F5A8F}.Debug|Any CPU.Build.0 = Debug|Any CPU
		{0ABFFCFD-7BB1-4059-BF37-AFB3358F5A8F}.Release|Any CPU.ActiveCfg = Release|Any CPU
		{0ABFFCFD-7BB1-4059-BF37-AFB3358F5A8F}.Release|Any CPU.Build.0 = Release|Any CPU
	EndGlobalSection
	GlobalSection(SolutionProperties) = preSolution
		HideSolutionNode = FALSE
	EndGlobalSection
	GlobalSection(ExtensibilityGlobals) = postSolution
		SolutionGuid = {92527B12-9E4F-4A1B-A579-26D88100A99E}
	EndGlobalSection
EndGlobal
